{
  "version": 4,
  "terraform_version": "1.2.7",
  "serial": 8,
  "lineage": "cec4cc9f-51f6-94fc-e4e0-09428cc22ba3",
  "outputs": {},
  "resources": [
    {
      "mode": "managed",
      "type": "local_file",
      "name": "pet",
      "provider": "provider[\"registry.terraform.io/hashicorp/local\"]",
      "instances": [
        {
          "schema_version": 0,
          "attributes": {
            "content": "We love pets!!!",
            "content_base64": null,
            "directory_permission": "0777",
            "file_permission": "0700",
            "filename": "pets.txt",
            "id": "7335a1e1d9dec898ab78548a61e69f32b791c978",
            "sensitive_content": null,
            "source": null
          },
          "sensitive_attributes": [],
          "private": "bnVsbA=="
        }
      ]
    }
  ]
}
