{
  "version": 4,
  "terraform_version": "1.2.7",
  "serial": 31,
  "lineage": "28e6a353-4565-ec20-4535-1e017922f6ac",
  "outputs": {},
  "resources": [
    {
      "mode": "managed",
      "type": "local_file",
      "name": "greet",
      "provider": "provider[\"registry.terraform.io/hashicorp/local\"]",
      "instances": [
        {
          "schema_version": 0,
          "attributes": {
            "content": "Hello Hien",
            "content_base64": null,
            "directory_permission": "0777",
            "file_permission": "0777",
            "filename": "greet.txt",
            "id": "af9b407e95d9ed4dc7a30eee5830fecb3f38a9ad",
            "sensitive_content": null,
            "source": null
          },
          "sensitive_attributes": [],
          "private": "bnVsbA=="
        }
      ]
    },
    {
      "mode": "managed",
      "type": "local_file",
      "name": "greet-me",
      "provider": "provider[\"registry.terraform.io/hashicorp/local\"]",
      "instances": [
        {
          "schema_version": 0,
          "attributes": {
            "content": "",
            "content_base64": null,
            "directory_permission": "0777",
            "file_permission": "0777",
            "filename": "greet-me.txt",
            "id": "da39a3ee5e6b4b0d3255bfef95601890afd80709",
            "sensitive_content": null,
            "source": null
          },
          "sensitive_attributes": [],
          "private": "bnVsbA=="
        }
      ]
    },
    {
      "mode": "managed",
      "type": "local_file",
      "name": "greet-pet",
      "provider": "provider[\"registry.terraform.io/hashicorp/local\"]",
      "instances": [
        {
          "schema_version": 0,
          "attributes": {
            "content": "Mr. Bull",
            "content_base64": null,
            "directory_permission": "0777",
            "file_permission": "0777",
            "filename": "greet-pet.txt",
            "id": "eebe8c3b51b32079eb8d4cd0e87e7b260d8091bd",
            "sensitive_content": null,
            "source": null
          },
          "sensitive_attributes": [],
          "private": "bnVsbA=="
        }
      ]
    },
    {
      "mode": "managed",
      "type": "local_file",
      "name": "test-export-file-name",
      "provider": "provider[\"registry.terraform.io/hashicorp/local\"]",
      "instances": [
        {
          "schema_version": 0,
          "attributes": {
            "content": "The file name should be created using `export TF_VAR_\u003cvariable_name\u003e=\u003cfile_name\u003e`(e.g., export TF_VAR_file_name=\"test-export-file-name.txt\")",
            "content_base64": null,
            "directory_permission": "0777",
            "file_permission": "0777",
            "filename": "test-export-var.txt",
            "id": "972673642ffb894558414fd4c59cf9edf7e8944e",
            "sensitive_content": null,
            "source": null
          },
          "sensitive_attributes": [],
          "private": "bnVsbA=="
        }
      ]
    }
  ]
}
