{
  "version": 4,
  "terraform_version": "1.2.7",
  "serial": 3,
  "lineage": "28e6a353-4565-ec20-4535-1e017922f6ac",
  "outputs": {},
  "resources": [
    {
      "mode": "managed",
      "type": "local_file",
      "name": "greet",
      "provider": "provider[\"registry.terraform.io/hashicorp/local\"]",
      "instances": [
        {
          "schema_version": 0,
          "attributes": {
            "content": "Hello Hien",
            "content_base64": null,
            "directory_permission": "0777",
            "file_permission": "0777",
            "filename": "greet.txt",
            "id": "af9b407e95d9ed4dc7a30eee5830fecb3f38a9ad",
            "sensitive_content": null,
            "source": null
          },
          "sensitive_attributes": [],
          "private": "bnVsbA=="
        }
      ]
    },
    {
      "mode": "managed",
      "type": "local_file",
      "name": "greet-pet",
      "provider": "provider[\"registry.terraform.io/hashicorp/local\"]",
      "instances": [
        {
          "schema_version": 0,
          "attributes": {
            "content": "Mr.Bull",
            "content_base64": null,
            "directory_permission": "0777",
            "file_permission": "0777",
            "filename": "greet-pet.txt",
            "id": "0588de6a256b2762203397e1298c22de913048d8",
            "sensitive_content": null,
            "source": null
          },
          "sensitive_attributes": [],
          "private": "bnVsbA=="
        }
      ]
    }
  ]
}
