{
  "version": 4,
  "terraform_version": "1.2.7",
  "serial": 40,
  "lineage": "28e6a353-4565-ec20-4535-1e017922f6ac",
  "outputs": {},
  "resources": [
    {
      "mode": "managed",
      "type": "local_file",
      "name": "combine-vars-file",
      "provider": "provider[\"registry.terraform.io/hashicorp/local\"]",
      "instances": [
        {
          "schema_version": 0,
          "attributes": {
            "content": "My favorite pet is Mrsunfish",
            "content_base64": null,
            "directory_permission": "0777",
            "file_permission": "0777",
            "filename": "combine-vars.txt",
            "id": "4a979c22025c7b781064261fe922711a74f41be5",
            "sensitive_content": null,
            "source": null
          },
          "sensitive_attributes": [],
          "private": "bnVsbA==",
          "dependencies": [
            "random_pet.my-pet"
          ]
        }
      ]
    },
    {
      "mode": "managed",
      "type": "local_file",
      "name": "greet",
      "provider": "provider[\"registry.terraform.io/hashicorp/local\"]",
      "instances": [
        {
          "schema_version": 0,
          "attributes": {
            "content": "Hello Hien",
            "content_base64": null,
            "directory_permission": "0777",
            "file_permission": "0777",
            "filename": "greet.txt",
            "id": "af9b407e95d9ed4dc7a30eee5830fecb3f38a9ad",
            "sensitive_content": null,
            "source": null
          },
          "sensitive_attributes": [],
          "private": "bnVsbA=="
        }
      ]
    },
    {
      "mode": "managed",
      "type": "local_file",
      "name": "greet-me",
      "provider": "provider[\"registry.terraform.io/hashicorp/local\"]",
      "instances": [
        {
          "schema_version": 0,
          "attributes": {
            "content": "Hien",
            "content_base64": null,
            "directory_permission": "0777",
            "file_permission": "0777",
            "filename": "greet-me.txt",
            "id": "c5ac778656bc402d17a43a7f51e4556c5cd20c09",
            "sensitive_content": null,
            "source": null
          },
          "sensitive_attributes": [],
          "private": "bnVsbA=="
        }
      ]
    },
    {
      "mode": "managed",
      "type": "local_file",
      "name": "greet-pet",
      "provider": "provider[\"registry.terraform.io/hashicorp/local\"]",
      "instances": [
        {
          "schema_version": 0,
          "attributes": {
            "content": "Mr. Bull",
            "content_base64": null,
            "directory_permission": "0777",
            "file_permission": "0777",
            "filename": "greet-pet.txt",
            "id": "eebe8c3b51b32079eb8d4cd0e87e7b260d8091bd",
            "sensitive_content": null,
            "source": null
          },
          "sensitive_attributes": [],
          "private": "bnVsbA=="
        }
      ]
    },
    {
      "mode": "managed",
      "type": "local_file",
      "name": "test-export-file-name",
      "provider": "provider[\"registry.terraform.io/hashicorp/local\"]",
      "instances": [
        {
          "schema_version": 0,
          "attributes": {
            "content": "The file name should be created using `export TF_VAR_\u003cvariable_name\u003e=\u003cfile_name\u003e`\n(e.g., export TF_VAR_file_name=\"test-export-file-name.txt\")",
            "content_base64": null,
            "directory_permission": "0777",
            "file_permission": "0777",
            "filename": "test-export-var.txt",
            "id": "4b7355773e0670150fdf4a99cedcb1f66ece91ab",
            "sensitive_content": null,
            "source": null
          },
          "sensitive_attributes": [],
          "private": "bnVsbA=="
        }
      ]
    },
    {
      "mode": "managed",
      "type": "random_pet",
      "name": "my-pet",
      "provider": "provider[\"registry.terraform.io/hashicorp/random\"]",
      "instances": [
        {
          "schema_version": 0,
          "attributes": {
            "id": "Mrsunfish",
            "keepers": null,
            "length": 1,
            "prefix": "Mr",
            "separator": ""
          },
          "sensitive_attributes": [],
          "private": "bnVsbA=="
        }
      ]
    }
  ]
}
